// !$*UTF8*$!
{
	archiveVersion = 1;
	classes = {
	};
	objectVersion = 46;
	objects = {

/* Begin PBXBuildFile section */
		582D551F1F565BB800ACECA8 /* main.m in Sources */ = {isa = PBXBuildFile; fileRef = 582D551E1F565BB800ACECA8 /* main.m */; };
		582D55221F565BB800ACECA8 /* AppDelegate.m in Sources */ = {isa = PBXBuildFile; fileRef = 582D55211F565BB800ACECA8 /* AppDelegate.m */; };
		582D55281F565BB800ACECA8 /* Main.storyboard in Resources */ = {isa = PBXBuildFile; fileRef = 582D55261F565BB800ACECA8 /* Main.storyboard */; };
		582D552A1F565BB800ACECA8 /* Assets.xcassets in Resources */ = {isa = PBXBuildFile; fileRef = 582D55291F565BB800ACECA8 /* Assets.xcassets */; };
		582D552D1F565BB800ACECA8 /* LaunchScreen.storyboard in Resources */ = {isa = PBXBuildFile; fileRef = 582D552B1F565BB800ACECA8 /* LaunchScreen.storyboard */; };
		582D55381F565BB800ACECA8 /* TestInstrumentsTests.m in Sources */ = {isa = PBXBuildFile; fileRef = 582D55371F565BB800ACECA8 /* TestInstrumentsTests.m */; };
		582D55431F565BB800ACECA8 /* TestInstrumentsUITests.m in Sources */ = {isa = PBXBuildFile; fileRef = 582D55421F565BB800ACECA8 /* TestInstrumentsUITests.m */; };
		582D55521F565D6C00ACECA8 /* AViewController.m in Sources */ = {isa = PBXBuildFile; fileRef = 582D55511F565D6C00ACECA8 /* AViewController.m */; };
		582D55551F565D7600ACECA8 /* BViewController.m in Sources */ = {isa = PBXBuildFile; fileRef = 582D55541F565D7600ACECA8 /* BViewController.m */; };
		582D55581F565D8400ACECA8 /* CViewController.m in Sources */ = {isa = PBXBuildFile; fileRef = 582D55571F565D8400ACECA8 /* CViewController.m */; };
		582D555B1F565DFD00ACECA8 /* TableViewController.m in Sources */ = {isa = PBXBuildFile; fileRef = 582D555A1F565DFD00ACECA8 /* TableViewController.m */; };
/* End PBXBuildFile section */

/* Begin PBXContainerItemProxy section */
		582D55341F565BB800ACECA8 /* PBXContainerItemProxy */ = {
			isa = PBXContainerItemProxy;
			containerPortal = 582D55121F565BB800ACECA8 /* Project object */;
			proxyType = 1;
			remoteGlobalIDString = 582D55191F565BB800ACECA8;
			remoteInfo = TestInstruments;
		};
		582D553F1F565BB800ACECA8 /* PBXContainerItemProxy */ = {
			isa = PBXContainerItemProxy;
			containerPortal = 582D55121F565BB800ACECA8 /* Project object */;
			proxyType = 1;
			remoteGlobalIDString = 582D55191F565BB800ACECA8;
			remoteInfo = TestInstruments;
		};
/* End PBXContainerItemProxy section */

/* Begin PBXFileReference section */
		582D551A1F565BB800ACECA8 /* TestInstruments.app */ = {isa = PBXFileReference; explicitFileType = wrapper.application; includeInIndex = 0; path = TestInstruments.app; sourceTree = BUILT_PRODUCTS_DIR; };
		582D551E1F565BB800ACECA8 /* main.m */ = {isa = PBXFileReference; lastKnownFileType = sourcecode.c.objc; path = main.m; sourceTree = "<group>"; };
		582D55201F565BB800ACECA8 /* AppDelegate.h */ = {isa = PBXFileReference; lastKnownFileType = sourcecode.c.h; path = AppDelegate.h; sourceTree = "<group>"; };
		582D55211F565BB800ACECA8 /* AppDelegate.m */ = {isa = PBXFileReference; lastKnownFileType = sourcecode.c.objc; path = AppDelegate.m; sourceTree = "<group>"; };
		582D55271F565BB800ACECA8 /* Base */ = {isa = PBXFileReference; lastKnownFileType = file.storyboard; name = Base; path = Base.lproj/Main.storyboard; sourceTree = "<group>"; };
		582D55291F565BB800ACECA8 /* Assets.xcassets */ = {isa = PBXFileReference; lastKnownFileType = folder.assetcatalog; path = Assets.xcassets; sourceTree = "<group>"; };
		582D552C1F565BB800ACECA8 /* Base */ = {isa = PBXFileReference; lastKnownFileType = file.storyboard; name = Base; path = Base.lproj/LaunchScreen.storyboard; sourceTree = "<group>"; };
		582D552E1F565BB800ACECA8 /* Info.plist */ = {isa = PBXFileReference; lastKnownFileType = text.plist.xml; path = Info.plist; sourceTree = "<group>"; };
		582D55331F565BB800ACECA8 /* TestInstrumentsTests.xctest */ = {isa = PBXFileReference; explicitFileType = wrapper.cfbundle; includeInIndex = 0; path = TestInstrumentsTests.xctest; sourceTree = BUILT_PRODUCTS_DIR; };
		582D55371F565BB800ACECA8 /* TestInstrumentsTests.m */ = {isa = PBXFileReference; lastKnownFileType = sourcecode.c.objc; path = TestInstrumentsTests.m; sourceTree = "<group>"; };
		582D55391F565BB800ACECA8 /* Info.plist */ = {isa = PBXFileReference; lastKnownFileType = text.plist.xml; path = Info.plist; sourceTree = "<group>"; };
		582D553E1F565BB800ACECA8 /* TestInstrumentsUITests.xctest */ = {isa = PBXFileReference; explicitFileType = wrapper.cfbundle; includeInIndex = 0; path = TestInstrumentsUITests.xctest; sourceTree = BUILT_PRODUCTS_DIR; };
		582D55421F565BB800ACECA8 /* TestInstrumentsUITests.m */ = {isa = PBXFileReference; lastKnownFileType = sourcecode.c.objc; path = TestInstrumentsUITests.m; sourceTree = "<group>"; };
		582D55441F565BB800ACECA8 /* Info.plist */ = {isa = PBXFileReference; lastKnownFileType = text.plist.xml; path = Info.plist; sourceTree = "<group>"; };
		582D55501F565D6C00ACECA8 /* AViewController.h */ = {isa = PBXFileReference; fileEncoding = 4; lastKnownFileType = sourcecode.c.h; path = AViewController.h; sourceTree = "<group>"; };
		582D55511F565D6C00ACECA8 /* AViewController.m */ = {isa = PBXFileReference; fileEncoding = 4; lastKnownFileType = sourcecode.c.objc; path = AViewController.m; sourceTree = "<group>"; };
		582D55531F565D7600ACECA8 /* BViewController.h */ = {isa = PBXFileReference; fileEncoding = 4; lastKnownFileType = sourcecode.c.h; path = BViewController.h; sourceTree = "<group>"; };
		582D55541F565D7600ACECA8 /* BViewController.m */ = {isa = PBXFileReference; fileEncoding = 4; lastKnownFileType = sourcecode.c.objc; path = BViewController.m; sourceTree = "<group>"; };
		582D55561F565D8400ACECA8 /* CViewController.h */ = {isa = PBXFileReference; fileEncoding = 4; lastKnownFileType = sourcecode.c.h; path = CViewController.h; sourceTree = "<group>"; };
		582D55571F565D8400ACECA8 /* CViewController.m */ = {isa = PBXFileReference; fileEncoding = 4; lastKnownFileType = sourcecode.c.objc; path = CViewController.m; sourceTree = "<group>"; };
		582D55591F565DFD00ACECA8 /* TableViewController.h */ = {isa = PBXFileReference; fileEncoding = 4; lastKnownFileType = sourcecode.c.h; path = TableViewController.h; sourceTree = "<group>"; };
		582D555A1F565DFD00ACECA8 /* TableViewController.m */ = {isa = PBXFileReference; fileEncoding = 4; lastKnownFileType = sourcecode.c.objc; path = TableViewController.m; sourceTree = "<group>"; };
/* End PBXFileReference section */

/* Begin PBXFrameworksBuildPhase section */
		582D55171F565BB800ACECA8 /* Frameworks */ = {
			isa = PBXFrameworksBuildPhase;
			buildActionMask = 2147483647;
			files = (
			);
			runOnlyForDeploymentPostprocessing = 0;
		};
		582D55301F565BB800ACECA8 /* Frameworks */ = {
			isa = PBXFrameworksBuildPhase;
			buildActionMask = 2147483647;
			files = (
			);
			runOnlyForDeploymentPostprocessing = 0;
		};
		582D553B1F565BB800ACECA8 /* Frameworks */ = {
			isa = PBXFrameworksBuildPhase;
			buildActionMask = 2147483647;
			files = (
			);
			runOnlyForDeploymentPostprocessing = 0;
		};
/* End PBXFrameworksBuildPhase section */

/* Begin PBXGroup section */
		582D55111F565BB800ACECA8 = {
			isa = PBXGroup;
			children = (
				582D551C1F565BB800ACECA8 /* TestInstruments */,
				582D55361F565BB800ACECA8 /* TestInstrumentsTests */,
				582D55411F565BB800ACECA8 /* TestInstrumentsUITests */,
				582D551B1F565BB800ACECA8 /* Products */,
			);
			sourceTree = "<group>";
		};
		582D551B1F565BB800ACECA8 /* Products */ = {
			isa = PBXGroup;
			children = (
				582D551A1F565BB800ACECA8 /* TestInstruments.app */,
				582D55331F565BB800ACECA8 /* TestInstrumentsTests.xctest */,
				582D553E1F565BB800ACECA8 /* TestInstrumentsUITests.xctest */,
			);
			name = Products;
			sourceTree = "<group>";
		};
		582D551C1F565BB800ACECA8 /* TestInstruments */ = {
			isa = PBXGroup;
			children = (
				582D55201F565BB800ACECA8 /* AppDelegate.h */,
				582D55211F565BB800ACECA8 /* AppDelegate.m */,
				582D55261F565BB800ACECA8 /* Main.storyboard */,
				582D55291F565BB800ACECA8 /* Assets.xcassets */,
				582D552B1F565BB800ACECA8 /* LaunchScreen.storyboard */,
				582D552E1F565BB800ACECA8 /* Info.plist */,
				582D551D1F565BB800ACECA8 /* Supporting Files */,
				582D55591F565DFD00ACECA8 /* TableViewController.h */,
				582D555A1F565DFD00ACECA8 /* TableViewController.m */,
				582D55501F565D6C00ACECA8 /* AViewController.h */,
				582D55511F565D6C00ACECA8 /* AViewController.m */,
				582D55531F565D7600ACECA8 /* BViewController.h */,
				582D55541F565D7600ACECA8 /* BViewController.m */,
				582D55561F565D8400ACECA8 /* CViewController.h */,
				582D55571F565D8400ACECA8 /* CViewController.m */,
			);
			path = TestInstruments;
			sourceTree = "<group>";
		};
		582D551D1F565BB800ACECA8 /* Supporting Files */ = {
			isa = PBXGroup;
			children = (
				582D551E1F565BB800ACECA8 /* main.m */,
			);
			name = "Supporting Files";
			sourceTree = "<group>";
		};
		582D55361F565BB800ACECA8 /* TestInstrumentsTests */ = {
			isa = PBXGroup;
			children = (
				582D55371F565BB800ACECA8 /* TestInstrumentsTests.m */,
				582D55391F565BB800ACECA8 /* Info.plist */,
			);
			path = TestInstrumentsTests;
			sourceTree = "<group>";
		};
		582D55411F565BB800ACECA8 /* TestInstrumentsUITests */ = {
			isa = PBXGroup;
			children = (
				582D55421F565BB800ACECA8 /* TestInstrumentsUITests.m */,
				582D55441F565BB800ACECA8 /* Info.plist */,
			);
			path = TestInstrumentsUITests;
			sourceTree = "<group>";
		};
/* End PBXGroup section */

/* Begin PBXNativeTarget section */
		582D55191F565BB800ACECA8 /* TestInstruments */ = {
			isa = PBXNativeTarget;
			buildConfigurationList = 582D55471F565BB800ACECA8 /* Build configuration list for PBXNativeTarget "TestInstruments" */;
			buildPhases = (
				582D55161F565BB800ACECA8 /* Sources */,
				582D55171F565BB800ACECA8 /* Frameworks */,
				582D55181F565BB800ACECA8 /* Resources */,
			);
			buildRules = (
			);
			dependencies = (
			);
			name = TestInstruments;
			productName = TestInstruments;
			productReference = 582D551A1F565BB800ACECA8 /* TestInstruments.app */;
			productType = "com.apple.product-type.application";
		};
		582D55321F565BB800ACECA8 /* TestInstrumentsTests */ = {
			isa = PBXNativeTarget;
			buildConfigurationList = 582D554A1F565BB800ACECA8 /* Build configuration list for PBXNativeTarget "TestInstrumentsTests" */;
			buildPhases = (
				582D552F1F565BB800ACECA8 /* Sources */,
				582D55301F565BB800ACECA8 /* Frameworks */,
				582D55311F565BB800ACECA8 /* Resources */,
			);
			buildRules = (
			);
			dependencies = (
				582D55351F565BB800ACECA8 /* PBXTargetDependency */,
			);
			name = TestInstrumentsTests;
			productName = TestInstrumentsTests;
			productReference = 582D55331F565BB800ACECA8 /* TestInstrumentsTests.xctest */;
			productType = "com.apple.product-type.bundle.unit-test";
		};
		582D553D1F565BB800ACECA8 /* TestInstrumentsUITests */ = {
			isa = PBXNativeTarget;
			buildConfigurationList = 582D554D1F565BB800ACECA8 /* Build configuration list for PBXNativeTarget "TestInstrumentsUITests" */;
			buildPhases = (
				582D553A1F565BB800ACECA8 /* Sources */,
				582D553B1F565BB800ACECA8 /* Frameworks */,
				582D553C1F565BB800ACECA8 /* Resources */,
			);
			buildRules = (
			);
			dependencies = (
				582D55401F565BB800ACECA8 /* PBXTargetDependency */,
			);
			name = TestInstrumentsUITests;
			productName = TestInstrumentsUITests;
			productReference = 582D553E1F565BB800ACECA8 /* TestInstrumentsUITests.xctest */;
			productType = "com.apple.product-type.bundle.ui-testing";
		};
/* End PBXNativeTarget section */

/* Begin PBXProject section */
		582D55121F565BB800ACECA8 /* Project object */ = {
			isa = PBXProject;
			attributes = {
				LastUpgradeCheck = 0830;
				ORGANIZATIONNAME = xgb;
				TargetAttributes = {
					582D55191F565BB800ACECA8 = {
						CreatedOnToolsVersion = 8.3.3;
						DevelopmentTeam = 7CYY7N76BS;
						ProvisioningStyle = Automatic;
					};
					582D55321F565BB800ACECA8 = {
						CreatedOnToolsVersion = 8.3.3;
						DevelopmentTeam = 7CYY7N76BS;
						ProvisioningStyle = Automatic;
						TestTargetID = 582D55191F565BB800ACECA8;
					};
					582D553D1F565BB800ACECA8 = {
						CreatedOnToolsVersion = 8.3.3;
						DevelopmentTeam = 7CYY7N76BS;
						ProvisioningStyle = Automatic;
						TestTargetID = 582D55191F565BB800ACECA8;
					};
				};
			};
			buildConfigurationList = 582D55151F565BB800ACECA8 /* Build configuration list for PBXProject "TestInstruments" */;
			compatibilityVersion = "Xcode 3.2";
			developmentRegion = English;
			hasScannedForEncodings = 0;
			knownRegions = (
				en,
				Base,
			);
			mainGroup = 582D55111F565BB800ACECA8;
			productRefGroup = 582D551B1F565BB800ACECA8 /* Products */;
			projectDirPath = "";
			projectRoot = "";
			targets = (
				582D55191F565BB800ACECA8 /* TestInstruments */,
				582D55321F565BB800ACECA8 /* TestInstrumentsTests */,
				582D553D1F565BB800ACECA8 /* TestInstrumentsUITests */,
			);
		};
/* End PBXProject section */

/* Begin PBXResourcesBuildPhase section */
		582D55181F565BB800ACECA8 /* Resources */ = {
			isa = PBXResourcesBuildPhase;
			buildActionMask = 2147483647;
			files = (
				582D552D1F565BB800ACECA8 /* LaunchScreen.storyboard in Resources */,
				582D552A1F565BB800ACECA8 /* Assets.xcassets in Resources */,
				582D55281F565BB800ACECA8 /* Main.storyboard in Resources */,
			);
			runOnlyForDeploymentPostprocessing = 0;
		};
		582D55311F565BB800ACECA8 /* Resources */ = {
			isa = PBXResourcesBuildPhase;
			buildActionMask = 2147483647;
			files = (
			);
			runOnlyForDeploymentPostprocessing = 0;
		};
		582D553C1F565BB800ACECA8 /* Resources */ = {
			isa = PBXResourcesBuildPhase;
			buildActionMask = 2147483647;
			files = (
			);
			runOnlyForDeploymentPostprocessing = 0;
		};
/* End PBXResourcesBuildPhase section */

/* Begin PBXSourcesBuildPhase section */
		582D55161F565BB800ACECA8 /* Sources */ = {
			isa = PBXSourcesBuildPhase;
			buildActionMask = 2147483647;
			files = (
				582D55521F565D6C00ACECA8 /* AViewController.m in Sources */,
				582D55581F565D8400ACECA8 /* CViewController.m in Sources */,
				582D55221F565BB800ACECA8 /* AppDelegate.m in Sources */,
				582D55551F565D7600ACECA8 /* BViewController.m in Sources */,
				582D555B1F565DFD00ACECA8 /* TableViewController.m in Sources */,
				582D551F1F565BB800ACECA8 /* main.m in Sources */,
			);
			runOnlyForDeploymentPostprocessing = 0;
		};
		582D552F1F565BB800ACECA8 /* Sources */ = {
			isa = PBXSourcesBuildPhase;
			buildActionMask = 2147483647;
			files = (
				582D55381F565BB800ACECA8 /* TestInstrumentsTests.m in Sources */,
			);
			runOnlyForDeploymentPostprocessing = 0;
		};
		582D553A1F565BB800ACECA8 /* Sources */ = {
			isa = PBXSourcesBuildPhase;
			buildActionMask = 2147483647;
			files = (
				582D55431F565BB800ACECA8 /* TestInstrumentsUITests.m in Sources */,
			);
			runOnlyForDeploymentPostprocessing = 0;
		};
/* End PBXSourcesBuildPhase section */

/* Begin PBXTargetDependency section */
		582D55351F565BB800ACECA8 /* PBXTargetDependency */ = {
			isa = PBXTargetDependency;
			target = 582D55191F565BB800ACECA8 /* TestInstruments */;
			targetProxy = 582D55341F565BB800ACECA8 /* PBXContainerItemProxy */;
		};
		582D55401F565BB800ACECA8 /* PBXTargetDependency */ = {
			isa = PBXTargetDependency;
			target = 582D55191F565BB800ACECA8 /* TestInstruments */;
			targetProxy = 582D553F1F565BB800ACECA8 /* PBXContainerItemProxy */;
		};
/* End PBXTargetDependency section */

/* Begin PBXVariantGroup section */
		582D55261F565BB800ACECA8 /* Main.storyboard */ = {
			isa = PBXVariantGroup;
			children = (
				582D55271F565BB800ACECA8 /* Base */,
			);
			name = Main.storyboard;
			sourceTree = "<group>";
		};
		582D552B1F565BB800ACECA8 /* LaunchScreen.storyboard */ = {
			isa = PBXVariantGroup;
			children = (
				582D552C1F565BB800ACECA8 /* Base */,
			);
			name = LaunchScreen.storyboard;
			sourceTree = "<group>";
		};
/* End PBXVariantGroup section */

/* Begin XCBuildConfiguration section */
		582D55451F565BB800ACECA8 /* Debug */ = {
			isa = XCBuildConfiguration;
			buildSettings = {
				ALWAYS_SEARCH_USER_PATHS = NO;
				CLANG_ANALYZER_NONNULL = YES;
				CLANG_ANALYZER_NUMBER_OBJECT_CONVERSION = YES_AGGRESSIVE;
				CLANG_CXX_LANGUAGE_STANDARD = "gnu++0x";
				CLANG_CXX_LIBRARY = "libc++";
				CLANG_ENABLE_MODULES = YES;
				CLANG_ENABLE_OBJC_ARC = YES;
				CLANG_WARN_BOOL_CONVERSION = YES;
				CLANG_WARN_CONSTANT_CONVERSION = YES;
				CLANG_WARN_DIRECT_OBJC_ISA_USAGE = YES_ERROR;
				CLANG_WARN_DOCUMENTATION_COMMENTS = YES;
				CLANG_WARN_EMPTY_BODY = YES;
				CLANG_WARN_ENUM_CONVERSION = YES;
				CLANG_WARN_INFINITE_RECURSION = YES;
				CLANG_WARN_INT_CONVERSION = YES;
				CLANG_WARN_OBJC_ROOT_CLASS = YES_ERROR;
				CLANG_WARN_SUSPICIOUS_MOVE = YES;
				CLANG_WARN_UNREACHABLE_CODE = YES;
				CLANG_WARN__DUPLICATE_METHOD_MATCH = YES;
				"CODE_SIGN_IDENTITY[sdk=iphoneos*]" = "iPhone Developer";
				COPY_PHASE_STRIP = NO;
				DEBUG_INFORMATION_FORMAT = dwarf;
				ENABLE_STRICT_OBJC_MSGSEND = YES;
				ENABLE_TESTABILITY = YES;
				GCC_C_LANGUAGE_STANDARD = gnu99;
				GCC_DYNAMIC_NO_PIC = NO;
				GCC_NO_COMMON_BLOCKS = YES;
				GCC_OPTIMIZATION_LEVEL = 0;
				GCC_PREPROCESSOR_DEFINITIONS = (
					"DEBUG=1",
					"$(inherited)",
				);
				GCC_WARN_64_TO_32_BIT_CONVERSION = YES;
				GCC_WARN_ABOUT_RETURN_TYPE = YES_ERROR;
				GCC_WARN_UNDECLARED_SELECTOR = YES;
				GCC_WARN_UNINITIALIZED_AUTOS = YES_AGGRESSIVE;
				GCC_WARN_UNUSED_FUNCTION = YES;
				GCC_WARN_UNUSED_VARIABLE = YES;
				IPHONEOS_DEPLOYMENT_TARGET = 10.3;
				MTL_ENABLE_DEBUG_INFO = YES;
				ONLY_ACTIVE_ARCH = YES;
				SDKROOT = iphoneos;
				TARGETED_DEVICE_FAMILY = "1,2";
			};
			name = Debug;
		};
		582D55461F565BB800ACECA8 /* Release */ = {
			isa = XCBuildConfiguration;
			buildSettings = {
				ALWAYS_SEARCH_USER_PATHS = NO;
				CLANG_ANALYZER_NONNULL = YES;
				CLANG_ANALYZER_NUMBER_OBJECT_CONVERSION = YES_AGGRESSIVE;
				CLANG_CXX_LANGUAGE_STANDARD = "gnu++0x";
				CLANG_CXX_LIBRARY = "libc++";
				CLANG_ENABLE_MODULES = YES;
				CLANG_ENABLE_OBJC_ARC = YES;
				CLANG_WARN_BOOL_CONVERSION = YES;
				CLANG_WARN_CONSTANT_CONVERSION = YES;
				CLANG_WARN_DIRECT_OBJC_ISA_USAGE = YES_ERROR;
				CLANG_WARN_DOCUMENTATION_COMMENTS = YES;
				CLANG_WARN_EMPTY_BODY = YES;
				CLANG_WARN_ENUM_CONVERSION = YES;
				CLANG_WARN_INFINITE_RECURSION = YES;
				CLANG_WARN_INT_CONVERSION = YES;
				CLANG_WARN_OBJC_ROOT_CLASS = YES_ERROR;
				CLANG_WARN_SUSPICIOUS_MOVE = YES;
				CLANG_WARN_UNREACHABLE_CODE = YES;
				CLANG_WARN__DUPLICATE_METHOD_MATCH = YES;
				"CODE_SIGN_IDENTITY[sdk=iphoneos*]" = "iPhone Developer";
				COPY_PHASE_STRIP = NO;
				DEBUG_INFORMATION_FORMAT = "dwarf-with-dsym";
				ENABLE_NS_ASSERTIONS = NO;
				ENABLE_STRICT_OBJC_MSGSEND = YES;
				GCC_C_LANGUAGE_STANDARD = gnu99;
				GCC_NO_COMMON_BLOCKS = YES;
				GCC_WARN_64_TO_32_BIT_CONVERSION = YES;
				GCC_WARN_ABOUT_RETURN_TYPE = YES_ERROR;
				GCC_WARN_UNDECLARED_SELECTOR = YES;
				GCC_WARN_UNINITIALIZED_AUTOS = YES_AGGRESSIVE;
				GCC_WARN_UNUSED_FUNCTION = YES;
				GCC_WARN_UNUSED_VARIABLE = YES;
				IPHONEOS_DEPLOYMENT_TARGET = 10.3;
				MTL_ENABLE_DEBUG_INFO = NO;
				SDKROOT = iphoneos;
				TARGETED_DEVICE_FAMILY = "1,2";
				VALIDATE_PRODUCT = YES;
			};
			name = Release;
		};
		582D55481F565BB800ACECA8 /* Debug */ = {
			isa = XCBuildConfiguration;
			buildSettings = {
				ASSETCATALOG_COMPILER_APPICON_NAME = AppIcon;
				DEVELOPMENT_TEAM = 7CYY7N76BS;
				INFOPLIST_FILE = TestInstruments/Info.plist;
				LD_RUNPATH_SEARCH_PATHS = "$(inherited) @executable_path/Frameworks";
				PRODUCT_BUNDLE_IDENTIFIER = com.xgb.TestInstruments;
				PRODUCT_NAME = "$(TARGET_NAME)";
			};
			name = Debug;
		};
		582D55491F565BB800ACECA8 /* Release */ = {
			isa = XCBuildConfiguration;
			buildSettings = {
				ASSETCATALOG_COMPILER_APPICON_NAME = AppIcon;
				DEVELOPMENT_TEAM = 7CYY7N76BS;
				INFOPLIST_FILE = TestInstruments/Info.plist;
				LD_RUNPATH_SEARCH_PATHS = "$(inherited) @executable_path/Frameworks";
				PRODUCT_BUNDLE_IDENTIFIER = com.xgb.TestInstruments;
				PRODUCT_NAME = "$(TARGET_NAME)";
			};
			name = Release;
		};
		582D554B1F565BB800ACECA8 /* Debug */ = {
			isa = XCBuildConfiguration;
			buildSettings = {
				BUNDLE_LOADER = "$(TEST_HOST)";
				DEVELOPMENT_TEAM = 7CYY7N76BS;
				INFOPLIST_FILE = TestInstrumentsTests/Info.plist;
				LD_RUNPATH_SEARCH_PATHS = "$(inherited) @executable_path/Frameworks @loader_path/Frameworks";
				PRODUCT_BUNDLE_IDENTIFIER = com.xgb.TestInstrumentsTests;
				PRODUCT_NAME = "$(TARGET_NAME)";
				TEST_HOST = "$(BUILT_PRODUCTS_DIR)/TestInstruments.app/TestInstruments";
			};
			name = Debug;
		};
		582D554C1F565BB800ACECA8 /* Release */ = {
			isa = XCBuildConfiguration;
			buildSettings = {
				BUNDLE_LOADER = "$(TEST_HOST)";
				DEVELOPMENT_TEAM = 7CYY7N76BS;
				INFOPLIST_FILE = TestInstrumentsTests/Info.plist;
				LD_RUNPATH_SEARCH_PATHS = "$(inherited) @executable_path/Frameworks @loader_path/Frameworks";
				PRODUCT_BUNDLE_IDENTIFIER = com.xgb.TestInstrumentsTests;
				PRODUCT_NAME = "$(TARGET_NAME)";
				TEST_HOST = "$(BUILT_PRODUCTS_DIR)/TestInstruments.app/TestInstruments";
			};
			name = Release;
		};
		582D554E1F565BB800ACECA8 /* Debug */ = {
			isa = XCBuildConfiguration;
			buildSettings = {
				DEVELOPMENT_TEAM = 7CYY7N76BS;
				INFOPLIST_FILE = TestInstrumentsUITests/Info.plist;
				LD_RUNPATH_SEARCH_PATHS = "$(inherited) @executable_path/Frameworks @loader_path/Frameworks";
				PRODUCT_BUNDLE_IDENTIFIER = com.xgb.TestInstrumentsUITests;
				PRODUCT_NAME = "$(TARGET_NAME)";
				TEST_TARGET_NAME = TestInstruments;
			};
			name = Debug;
		};
		582D554F1F565BB800ACECA8 /* Release */ = {
			isa = XCBuildConfiguration;
			buildSettings = {
				DEVELOPMENT_TEAM = 7CYY7N76BS;
				INFOPLIST_FILE = TestInstrumentsUITests/Info.plist;
				LD_RUNPATH_SEARCH_PATHS = "$(inherited) @executable_path/Frameworks @loader_path/Frameworks";
				PRODUCT_BUNDLE_IDENTIFIER = com.xgb.TestInstrumentsUITests;
				PRODUCT_NAME = "$(TARGET_NAME)";
				TEST_TARGET_NAME = TestInstruments;
			};
			name = Release;
		};
/* End XCBuildConfiguration section */

/* Begin XCConfigurationList section */
		582D55151F565BB800ACECA8 /* Build configuration list for PBXProject "TestInstruments" */ = {
			isa = XCConfigurationList;
			buildConfigurations = (
				582D55451F565BB800ACECA8 /* Debug */,
				582D55461F565BB800ACECA8 /* Release */,
			);
			defaultConfigurationIsVisible = 0;
			defaultConfigurationName = Release;
		};
		582D55471F565BB800ACECA8 /* Build configuration list for PBXNativeTarget "TestInstruments" */ = {
			isa = XCConfigurationList;
			buildConfigurations = (
				582D55481F565BB800ACECA8 /* Debug */,
				582D55491F565BB800ACECA8 /* Release */,
			);
			defaultConfigurationIsVisible = 0;
		};
		582D554A1F565BB800ACECA8 /* Build configuration list for PBXNativeTarget "TestInstrumentsTests" */ = {
			isa = XCConfigurationList;
			buildConfigurations = (
				582D554B1F565BB800ACECA8 /* Debug */,
				582D554C1F565BB800ACECA8 /* Release */,
			);
			defaultConfigurationIsVisible = 0;
		};
		582D554D1F565BB800ACECA8 /* Build configuration list for PBXNativeTarget "TestInstrumentsUITests" */ = {
			isa = XCConfigurationList;
			buildConfigurations = (
				582D554E1F565BB800ACECA8 /* Debug */,
				582D554F1F565BB800ACECA8 /* Release */,
			);
			defaultConfigurationIsVisible = 0;
		};
/* End XCConfigurationList section */
	};
	rootObject = 582D55121F565BB800ACECA8 /* Project object */;
}
